
Microsoft Visual Studio Solution File, Format Version 12.00
# Visual Studio Version 17
VisualStudioVersion = 17.4.33403.182
MinimumVisualStudioVersion = 10.0.40219.1
Project("{FAE04EC0-301F-11D3-BF4B-00C04F79EFBC}") = "Web_Assignment", "Web_Assignment\Web_Assignment.csproj", "{FF50D24A-D10E-45B9-91F9-35354C72A9C4}"
EndProject
Global
	GlobalSection(SolutionConfigurationPlatforms) = preSolution
		Debug|Any CPU = Debug|Any CPU
		Release|Any CPU = Release|Any CPU
	EndGlobalSection
	GlobalSection(ProjectConfigurationPlatforms) = postSolution
		{FF50D24A-D10E-45B9-91F9-35354C72A9C4}.Debug|Any CPU.ActiveCfg = Debug|Any CPU
		{FF50D24A-D10E-45B9-91F9-35354C72A9C4}.Debug|Any CPU.Build.0 = Debug|Any CPU
		{FF50D24A-D10E-45B9-91F9-35354C72A9C4}.Release|Any CPU.ActiveCfg = Release|Any CPU
		{FF50D24A-D10E-45B9-91F9-35354C72A9C4}.Release|Any CPU.Build.0 = Release|Any CPU
	EndGlobalSection
	GlobalSection(SolutionProperties) = preSolution
		HideSolutionNode = FALSE
	EndGlobalSection
	GlobalSection(ExtensibilityGlobals) = postSolution
		SolutionGuid = {907D23BE-73E7-45BA-A49B-C1748F3B292C}
	EndGlobalSection
EndGlobal
